
Microsoft Visual Studio Solution File, Format Version 12.00
# Visual Studio Version 17
VisualStudioVersion = 17.8.34330.188
MinimumVisualStudioVersion = 10.0.40219.1
Project("{2150E333-8FDC-42A3-9474-1A3956D46DE8}") = "src", "src", "{BDD32F9C-90D0-4212-BD96-4F9233BA84CB}"
EndProject
Project("{2150E333-8FDC-42A3-9474-1A3956D46DE8}") = "backend", "backend", "{4773B94D-E426-4D3C-93DA-79D551687068}"
EndProject
Project("{2150E333-8FDC-42A3-9474-1A3956D46DE8}") = "frontend", "frontend", "{A2E7D915-D15D-4AC8-948F-1CAC35319DE8}"
EndProject
Project("{9A19103F-16F7-4668-BE54-9A1E7A4F7556}") = "EcoLink.Infrastructure", "src\backend\EcoLink.Infrastructure\EcoLink.Infrastructure.csproj", "{5A6DCEA8-5E42-480A-BAF0-3CC8FB1B3CED}"
EndProject
Project("{9A19103F-16F7-4668-BE54-9A1E7A4F7556}") = "EcoLink.Domain", "src\backend\EcoLink.Domain\EcoLink.Domain.csproj", "{DC46052D-B81E-4C29-AC11-40A8512246DD}"
EndProject
Project("{9A19103F-16F7-4668-BE54-9A1E7A4F7556}") = "EcoLink.Application", "src\backend\EcoLink.Application\EcoLink.Application.csproj", "{1FA29D86-E18C-4B6C-97FD-E47D6EA5C58D}"
EndProject
Project("{9A19103F-16F7-4668-BE54-9A1E7A4F7556}") = "EcoLink.WebApi", "src\backend\EcoLink.WebApi\EcoLink.WebApi.csproj", "{1549BAC2-05E6-4C12-9EF3-3F6D06FE1AA7}"
EndProject
Project("{9A19103F-16F7-4668-BE54-9A1E7A4F7556}") = "EcoLink.Bot", "src\frontend\EcoLink.Bot\EcoLink.Bot.csproj", "{CCE97AFF-0E27-480E-96AA-2A730A9EF8B7}"
EndProject
Project("{FAE04EC0-301F-11D3-BF4B-00C04F79EFBC}") = "EcoLink.ApiService", "src\frontend\EcoLink.ApiService\EcoLink.ApiService.csproj", "{EA231784-B9EC-44A1-87BF-7D2107149AC6}"
EndProject
Global
	GlobalSection(SolutionConfigurationPlatforms) = preSolution
		Debug|Any CPU = Debug|Any CPU
		Release|Any CPU = Release|Any CPU
	EndGlobalSection
	GlobalSection(ProjectConfigurationPlatforms) = postSolution
		{5A6DCEA8-5E42-480A-BAF0-3CC8FB1B3CED}.Debug|Any CPU.ActiveCfg = Debug|Any CPU
		{5A6DCEA8-5E42-480A-BAF0-3CC8FB1B3CED}.Debug|Any CPU.Build.0 = Debug|Any CPU
		{5A6DCEA8-5E42-480A-BAF0-3CC8FB1B3CED}.Release|Any CPU.ActiveCfg = Release|Any CPU
		{5A6DCEA8-5E42-480A-BAF0-3CC8FB1B3CED}.Release|Any CPU.Build.0 = Release|Any CPU
		{DC46052D-B81E-4C29-AC11-40A8512246DD}.Debug|Any CPU.ActiveCfg = Debug|Any CPU
		{DC46052D-B81E-4C29-AC11-40A8512246DD}.Debug|Any CPU.Build.0 = Debug|Any CPU
		{DC46052D-B81E-4C29-AC11-40A8512246DD}.Release|Any CPU.ActiveCfg = Release|Any CPU
		{DC46052D-B81E-4C29-AC11-40A8512246DD}.Release|Any CPU.Build.0 = Release|Any CPU
		{1FA29D86-E18C-4B6C-97FD-E47D6EA5C58D}.Debug|Any CPU.ActiveCfg = Debug|Any CPU
		{1FA29D86-E18C-4B6C-97FD-E47D6EA5C58D}.Debug|Any CPU.Build.0 = Debug|Any CPU
		{1FA29D86-E18C-4B6C-97FD-E47D6EA5C58D}.Release|Any CPU.ActiveCfg = Release|Any CPU
		{1FA29D86-E18C-4B6C-97FD-E47D6EA5C58D}.Release|Any CPU.Build.0 = Release|Any CPU
		{1549BAC2-05E6-4C12-9EF3-3F6D06FE1AA7}.Debug|Any CPU.ActiveCfg = Debug|Any CPU
		{1549BAC2-05E6-4C12-9EF3-3F6D06FE1AA7}.Debug|Any CPU.Build.0 = Debug|Any CPU
		{1549BAC2-05E6-4C12-9EF3-3F6D06FE1AA7}.Release|Any CPU.ActiveCfg = Release|Any CPU
		{1549BAC2-05E6-4C12-9EF3-3F6D06FE1AA7}.Release|Any CPU.Build.0 = Release|Any CPU
		{CCE97AFF-0E27-480E-96AA-2A730A9EF8B7}.Debug|Any CPU.ActiveCfg = Debug|Any CPU
		{CCE97AFF-0E27-480E-96AA-2A730A9EF8B7}.Debug|Any CPU.Build.0 = Debug|Any CPU
		{CCE97AFF-0E27-480E-96AA-2A730A9EF8B7}.Release|Any CPU.ActiveCfg = Release|Any CPU
		{CCE97AFF-0E27-480E-96AA-2A730A9EF8B7}.Release|Any CPU.Build.0 = Release|Any CPU
		{EA231784-B9EC-44A1-87BF-7D2107149AC6}.Debug|Any CPU.ActiveCfg = Debug|Any CPU
		{EA231784-B9EC-44A1-87BF-7D2107149AC6}.Debug|Any CPU.Build.0 = Debug|Any CPU
		{EA231784-B9EC-44A1-87BF-7D2107149AC6}.Release|Any CPU.ActiveCfg = Release|Any CPU
		{EA231784-B9EC-44A1-87BF-7D2107149AC6}.Release|Any CPU.Build.0 = Release|Any CPU
	EndGlobalSection
	GlobalSection(SolutionProperties) = preSolution
		HideSolutionNode = FALSE
	EndGlobalSection
	GlobalSection(NestedProjects) = preSolution
		{4773B94D-E426-4D3C-93DA-79D551687068} = {BDD32F9C-90D0-4212-BD96-4F9233BA84CB}
		{A2E7D915-D15D-4AC8-948F-1CAC35319DE8} = {BDD32F9C-90D0-4212-BD96-4F9233BA84CB}
		{5A6DCEA8-5E42-480A-BAF0-3CC8FB1B3CED} = {4773B94D-E426-4D3C-93DA-79D551687068}
		{DC46052D-B81E-4C29-AC11-40A8512246DD} = {4773B94D-E426-4D3C-93DA-79D551687068}
		{1FA29D86-E18C-4B6C-97FD-E47D6EA5C58D} = {4773B94D-E426-4D3C-93DA-79D551687068}
		{1549BAC2-05E6-4C12-9EF3-3F6D06FE1AA7} = {4773B94D-E426-4D3C-93DA-79D551687068}
		{CCE97AFF-0E27-480E-96AA-2A730A9EF8B7} = {A2E7D915-D15D-4AC8-948F-1CAC35319DE8}
		{EA231784-B9EC-44A1-87BF-7D2107149AC6} = {A2E7D915-D15D-4AC8-948F-1CAC35319DE8}
	EndGlobalSection
	GlobalSection(ExtensibilityGlobals) = postSolution
		SolutionGuid = {9BA31350-68E3-4B4D-88F6-3A089D09BE9B}
	EndGlobalSection
EndGlobal
